
Microsoft Visual Studio Solution File, Format Version 12.00
# Visual Studio Version 17
VisualStudioVersion = 17.1.32319.34
MinimumVisualStudioVersion = 10.0.40219.1
Project("{FAE04EC0-301F-11D3-BF4B-00C04F79EFBC}") = "Entidades", "Entidades\Entidades.csproj", "{D6969AED-337B-4668-B8E2-E9BB2B0CC2D4}"
EndProject
Project("{FAE04EC0-301F-11D3-BF4B-00C04F79EFBC}") = "Vista", "Vista\Vista.csproj", "{1590EC3B-2868-46B3-9FB5-737D8BFB684A}"
EndProject
Global
	GlobalSection(SolutionConfigurationPlatforms) = preSolution
		Debug|Any CPU = Debug|Any CPU
		Release|Any CPU = Release|Any CPU
	EndGlobalSection
	GlobalSection(ProjectConfigurationPlatforms) = postSolution
		{D6969AED-337B-4668-B8E2-E9BB2B0CC2D4}.Debug|Any CPU.ActiveCfg = Debug|Any CPU
		{D6969AED-337B-4668-B8E2-E9BB2B0CC2D4}.Debug|Any CPU.Build.0 = Debug|Any CPU
		{D6969AED-337B-4668-B8E2-E9BB2B0CC2D4}.Release|Any CPU.ActiveCfg = Release|Any CPU
		{D6969AED-337B-4668-B8E2-E9BB2B0CC2D4}.Release|Any CPU.Build.0 = Release|Any CPU
		{1590EC3B-2868-46B3-9FB5-737D8BFB684A}.Debug|Any CPU.ActiveCfg = Debug|Any CPU
		{1590EC3B-2868-46B3-9FB5-737D8BFB684A}.Debug|Any CPU.Build.0 = Debug|Any CPU
		{1590EC3B-2868-46B3-9FB5-737D8BFB684A}.Release|Any CPU.ActiveCfg = Release|Any CPU
		{1590EC3B-2868-46B3-9FB5-737D8BFB684A}.Release|Any CPU.Build.0 = Release|Any CPU
	EndGlobalSection
	GlobalSection(SolutionProperties) = preSolution
		HideSolutionNode = FALSE
	EndGlobalSection
	GlobalSection(ExtensibilityGlobals) = postSolution
		SolutionGuid = {4910C548-3CC8-4ABD-A497-7BAB9018D029}
	EndGlobalSection
EndGlobal
