
Microsoft Visual Studio Solution File, Format Version 12.00
# Visual Studio Version 17
VisualStudioVersion = 17.1.32319.34
MinimumVisualStudioVersion = 10.0.40219.1
Project("{FAE04EC0-301F-11D3-BF4B-00C04F79EFBC}") = "Sanatorio", "Sanatorio\Sanatorio.csproj", "{81307BC7-3481-4577-805D-29F05BD01ED5}"
EndProject
Project("{FAE04EC0-301F-11D3-BF4B-00C04F79EFBC}") = "Entidades", "Entidades\Entidades.csproj", "{C7A4C2C8-21F3-443C-90D1-C865DCB9B5FE}"
EndProject
Project("{FAE04EC0-301F-11D3-BF4B-00C04F79EFBC}") = "Testing", "Testing\Testing.csproj", "{05A8CF92-78D6-44D8-A8BD-4F0A9F38940E}"
EndProject
Global
	GlobalSection(SolutionConfigurationPlatforms) = preSolution
		Debug|Any CPU = Debug|Any CPU
		Release|Any CPU = Release|Any CPU
	EndGlobalSection
	GlobalSection(ProjectConfigurationPlatforms) = postSolution
		{81307BC7-3481-4577-805D-29F05BD01ED5}.Debug|Any CPU.ActiveCfg = Debug|Any CPU
		{81307BC7-3481-4577-805D-29F05BD01ED5}.Debug|Any CPU.Build.0 = Debug|Any CPU
		{81307BC7-3481-4577-805D-29F05BD01ED5}.Release|Any CPU.ActiveCfg = Release|Any CPU
		{81307BC7-3481-4577-805D-29F05BD01ED5}.Release|Any CPU.Build.0 = Release|Any CPU
		{C7A4C2C8-21F3-443C-90D1-C865DCB9B5FE}.Debug|Any CPU.ActiveCfg = Debug|Any CPU
		{C7A4C2C8-21F3-443C-90D1-C865DCB9B5FE}.Debug|Any CPU.Build.0 = Debug|Any CPU
		{C7A4C2C8-21F3-443C-90D1-C865DCB9B5FE}.Release|Any CPU.ActiveCfg = Release|Any CPU
		{C7A4C2C8-21F3-443C-90D1-C865DCB9B5FE}.Release|Any CPU.Build.0 = Release|Any CPU
		{05A8CF92-78D6-44D8-A8BD-4F0A9F38940E}.Debug|Any CPU.ActiveCfg = Debug|Any CPU
		{05A8CF92-78D6-44D8-A8BD-4F0A9F38940E}.Debug|Any CPU.Build.0 = Debug|Any CPU
		{05A8CF92-78D6-44D8-A8BD-4F0A9F38940E}.Release|Any CPU.ActiveCfg = Release|Any CPU
		{05A8CF92-78D6-44D8-A8BD-4F0A9F38940E}.Release|Any CPU.Build.0 = Release|Any CPU
	EndGlobalSection
	GlobalSection(SolutionProperties) = preSolution
		HideSolutionNode = FALSE
	EndGlobalSection
	GlobalSection(ExtensibilityGlobals) = postSolution
		SolutionGuid = {4B7D5211-A019-4233-9F14-E5207910A6DB}
	EndGlobalSection
EndGlobal
