
Microsoft Visual Studio Solution File, Format Version 12.00
# Visual Studio Version 17
VisualStudioVersion = 17.1.32319.34
MinimumVisualStudioVersion = 10.0.40219.1
Project("{FAE04EC0-301F-11D3-BF4B-00C04F79EFBC}") = "Entidades", "Entidades\Entidades.csproj", "{2C7035ED-9903-468C-86B6-F97B1826BFC2}"
EndProject
Project("{FAE04EC0-301F-11D3-BF4B-00C04F79EFBC}") = "Vista", "Vista\Vista.csproj", "{296AEABC-C03A-4D35-9548-F064ECDCB26B}"
EndProject
Global
	GlobalSection(SolutionConfigurationPlatforms) = preSolution
		Debug|Any CPU = Debug|Any CPU
		Release|Any CPU = Release|Any CPU
	EndGlobalSection
	GlobalSection(ProjectConfigurationPlatforms) = postSolution
		{2C7035ED-9903-468C-86B6-F97B1826BFC2}.Debug|Any CPU.ActiveCfg = Debug|Any CPU
		{2C7035ED-9903-468C-86B6-F97B1826BFC2}.Debug|Any CPU.Build.0 = Debug|Any CPU
		{2C7035ED-9903-468C-86B6-F97B1826BFC2}.Release|Any CPU.ActiveCfg = Release|Any CPU
		{2C7035ED-9903-468C-86B6-F97B1826BFC2}.Release|Any CPU.Build.0 = Release|Any CPU
		{296AEABC-C03A-4D35-9548-F064ECDCB26B}.Debug|Any CPU.ActiveCfg = Debug|Any CPU
		{296AEABC-C03A-4D35-9548-F064ECDCB26B}.Debug|Any CPU.Build.0 = Debug|Any CPU
		{296AEABC-C03A-4D35-9548-F064ECDCB26B}.Release|Any CPU.ActiveCfg = Release|Any CPU
		{296AEABC-C03A-4D35-9548-F064ECDCB26B}.Release|Any CPU.Build.0 = Release|Any CPU
	EndGlobalSection
	GlobalSection(SolutionProperties) = preSolution
		HideSolutionNode = FALSE
	EndGlobalSection
	GlobalSection(ExtensibilityGlobals) = postSolution
		SolutionGuid = {83863CA2-48E6-4041-87B2-93B912136A21}
	EndGlobalSection
EndGlobal
