
Microsoft Visual Studio Solution File, Format Version 12.00
# Visual Studio Version 17
VisualStudioVersion = 17.1.32319.34
MinimumVisualStudioVersion = 10.0.40219.1
Project("{9A19103F-16F7-4668-BE54-9A1E7A4F7556}") = "Entidades", "Entidades\Entidades.csproj", "{9D2DA948-7F33-4D6E-8A3E-F76B80787158}"
EndProject
Project("{FAE04EC0-301F-11D3-BF4B-00C04F79EFBC}") = "VistaForm", "VistaForm\VistaForm.csproj", "{D5611303-5158-40D4-B4F9-4B63A7ACBE16}"
EndProject
Global
	GlobalSection(SolutionConfigurationPlatforms) = preSolution
		Debug|Any CPU = Debug|Any CPU
		Release|Any CPU = Release|Any CPU
	EndGlobalSection
	GlobalSection(ProjectConfigurationPlatforms) = postSolution
		{9D2DA948-7F33-4D6E-8A3E-F76B80787158}.Debug|Any CPU.ActiveCfg = Debug|Any CPU
		{9D2DA948-7F33-4D6E-8A3E-F76B80787158}.Debug|Any CPU.Build.0 = Debug|Any CPU
		{9D2DA948-7F33-4D6E-8A3E-F76B80787158}.Release|Any CPU.ActiveCfg = Release|Any CPU
		{9D2DA948-7F33-4D6E-8A3E-F76B80787158}.Release|Any CPU.Build.0 = Release|Any CPU
		{D5611303-5158-40D4-B4F9-4B63A7ACBE16}.Debug|Any CPU.ActiveCfg = Debug|Any CPU
		{D5611303-5158-40D4-B4F9-4B63A7ACBE16}.Debug|Any CPU.Build.0 = Debug|Any CPU
		{D5611303-5158-40D4-B4F9-4B63A7ACBE16}.Release|Any CPU.ActiveCfg = Release|Any CPU
		{D5611303-5158-40D4-B4F9-4B63A7ACBE16}.Release|Any CPU.Build.0 = Release|Any CPU
	EndGlobalSection
	GlobalSection(SolutionProperties) = preSolution
		HideSolutionNode = FALSE
	EndGlobalSection
	GlobalSection(ExtensibilityGlobals) = postSolution
		SolutionGuid = {C3CFBCC6-016B-411E-9D65-DFFBB41D8CDE}
	EndGlobalSection
EndGlobal
