
Microsoft Visual Studio Solution File, Format Version 12.00
# Visual Studio Version 17
VisualStudioVersion = 17.1.32319.34
MinimumVisualStudioVersion = 10.0.40219.1
Project("{FAE04EC0-301F-11D3-BF4B-00C04F79EFBC}") = "Entidades", "Entidades\Entidades.csproj", "{401E475B-5C79-4112-8298-A3CA35658C2D}"
EndProject
Project("{FAE04EC0-301F-11D3-BF4B-00C04F79EFBC}") = "PruebasUnitarias", "PruebasUnitarias\PruebasUnitarias.csproj", "{7B004536-D48A-444B-9822-601F1356074D}"
EndProject
Project("{FAE04EC0-301F-11D3-BF4B-00C04F79EFBC}") = "Consola", "Consola\Consola.csproj", "{BE91E649-2490-4DF6-B8D0-E2AF1AE82479}"
EndProject
Global
	GlobalSection(SolutionConfigurationPlatforms) = preSolution
		Debug|Any CPU = Debug|Any CPU
		Release|Any CPU = Release|Any CPU
	EndGlobalSection
	GlobalSection(ProjectConfigurationPlatforms) = postSolution
		{401E475B-5C79-4112-8298-A3CA35658C2D}.Debug|Any CPU.ActiveCfg = Debug|Any CPU
		{401E475B-5C79-4112-8298-A3CA35658C2D}.Debug|Any CPU.Build.0 = Debug|Any CPU
		{401E475B-5C79-4112-8298-A3CA35658C2D}.Release|Any CPU.ActiveCfg = Release|Any CPU
		{401E475B-5C79-4112-8298-A3CA35658C2D}.Release|Any CPU.Build.0 = Release|Any CPU
		{7B004536-D48A-444B-9822-601F1356074D}.Debug|Any CPU.ActiveCfg = Debug|Any CPU
		{7B004536-D48A-444B-9822-601F1356074D}.Debug|Any CPU.Build.0 = Debug|Any CPU
		{7B004536-D48A-444B-9822-601F1356074D}.Release|Any CPU.ActiveCfg = Release|Any CPU
		{7B004536-D48A-444B-9822-601F1356074D}.Release|Any CPU.Build.0 = Release|Any CPU
		{BE91E649-2490-4DF6-B8D0-E2AF1AE82479}.Debug|Any CPU.ActiveCfg = Debug|Any CPU
		{BE91E649-2490-4DF6-B8D0-E2AF1AE82479}.Debug|Any CPU.Build.0 = Debug|Any CPU
		{BE91E649-2490-4DF6-B8D0-E2AF1AE82479}.Release|Any CPU.ActiveCfg = Release|Any CPU
		{BE91E649-2490-4DF6-B8D0-E2AF1AE82479}.Release|Any CPU.Build.0 = Release|Any CPU
	EndGlobalSection
	GlobalSection(SolutionProperties) = preSolution
		HideSolutionNode = FALSE
	EndGlobalSection
	GlobalSection(ExtensibilityGlobals) = postSolution
		SolutionGuid = {3BC82D93-6641-4C47-BB56-9B3E3DA79471}
	EndGlobalSection
EndGlobal
