
Microsoft Visual Studio Solution File, Format Version 12.00
# Visual Studio Version 17
VisualStudioVersion = 17.1.32319.34
MinimumVisualStudioVersion = 10.0.40219.1
Project("{FAE04EC0-301F-11D3-BF4B-00C04F79EFBC}") = "Entidades", "Entidades\Entidades.csproj", "{917E8D64-D9B7-4597-8F1B-457A003E1286}"
EndProject
Project("{FAE04EC0-301F-11D3-BF4B-00C04F79EFBC}") = "Vista", "Visual\Vista.csproj", "{82D168F1-CC04-49F8-8F45-B93DFDF60A78}"
EndProject
Project("{FAE04EC0-301F-11D3-BF4B-00C04F79EFBC}") = "Testing", "Testing\Testing.csproj", "{914F7D7A-63E7-4A3D-96D5-7E2A85ABA32F}"
EndProject
Global
	GlobalSection(SolutionConfigurationPlatforms) = preSolution
		Debug|Any CPU = Debug|Any CPU
		Release|Any CPU = Release|Any CPU
	EndGlobalSection
	GlobalSection(ProjectConfigurationPlatforms) = postSolution
		{917E8D64-D9B7-4597-8F1B-457A003E1286}.Debug|Any CPU.ActiveCfg = Debug|Any CPU
		{917E8D64-D9B7-4597-8F1B-457A003E1286}.Debug|Any CPU.Build.0 = Debug|Any CPU
		{917E8D64-D9B7-4597-8F1B-457A003E1286}.Release|Any CPU.ActiveCfg = Release|Any CPU
		{917E8D64-D9B7-4597-8F1B-457A003E1286}.Release|Any CPU.Build.0 = Release|Any CPU
		{82D168F1-CC04-49F8-8F45-B93DFDF60A78}.Debug|Any CPU.ActiveCfg = Debug|Any CPU
		{82D168F1-CC04-49F8-8F45-B93DFDF60A78}.Debug|Any CPU.Build.0 = Debug|Any CPU
		{82D168F1-CC04-49F8-8F45-B93DFDF60A78}.Release|Any CPU.ActiveCfg = Release|Any CPU
		{82D168F1-CC04-49F8-8F45-B93DFDF60A78}.Release|Any CPU.Build.0 = Release|Any CPU
		{914F7D7A-63E7-4A3D-96D5-7E2A85ABA32F}.Debug|Any CPU.ActiveCfg = Debug|Any CPU
		{914F7D7A-63E7-4A3D-96D5-7E2A85ABA32F}.Debug|Any CPU.Build.0 = Debug|Any CPU
		{914F7D7A-63E7-4A3D-96D5-7E2A85ABA32F}.Release|Any CPU.ActiveCfg = Release|Any CPU
		{914F7D7A-63E7-4A3D-96D5-7E2A85ABA32F}.Release|Any CPU.Build.0 = Release|Any CPU
	EndGlobalSection
	GlobalSection(SolutionProperties) = preSolution
		HideSolutionNode = FALSE
	EndGlobalSection
	GlobalSection(ExtensibilityGlobals) = postSolution
		SolutionGuid = {7C7B1566-3ACB-4222-B226-1D79FFADE14D}
	EndGlobalSection
EndGlobal
