
Microsoft Visual Studio Solution File, Format Version 12.00
# Visual Studio Version 16
VisualStudioVersion = 16.0.31605.320
MinimumVisualStudioVersion = 10.0.40219.1
Project("{FAE04EC0-301F-11D3-BF4B-00C04F79EFBC}") = "Entidades", "Entidades\Entidades.csproj", "{875B2E5A-9F88-42C0-91DB-9A9998CE0D08}"
EndProject
Project("{FAE04EC0-301F-11D3-BF4B-00C04F79EFBC}") = "Vista", "Vista\Vista.csproj", "{0ECCDF0E-6D00-48E4-83A1-06CA08CADE81}"
EndProject
Project("{FAE04EC0-301F-11D3-BF4B-00C04F79EFBC}") = "Tests", "Tests\Tests.csproj", "{D8B56481-0461-4FBF-917B-947CDAEABF52}"
EndProject
Global
	GlobalSection(SolutionConfigurationPlatforms) = preSolution
		Debug|Any CPU = Debug|Any CPU
		Release|Any CPU = Release|Any CPU
	EndGlobalSection
	GlobalSection(ProjectConfigurationPlatforms) = postSolution
		{875B2E5A-9F88-42C0-91DB-9A9998CE0D08}.Debug|Any CPU.ActiveCfg = Debug|Any CPU
		{875B2E5A-9F88-42C0-91DB-9A9998CE0D08}.Debug|Any CPU.Build.0 = Debug|Any CPU
		{875B2E5A-9F88-42C0-91DB-9A9998CE0D08}.Release|Any CPU.ActiveCfg = Release|Any CPU
		{875B2E5A-9F88-42C0-91DB-9A9998CE0D08}.Release|Any CPU.Build.0 = Release|Any CPU
		{0ECCDF0E-6D00-48E4-83A1-06CA08CADE81}.Debug|Any CPU.ActiveCfg = Debug|Any CPU
		{0ECCDF0E-6D00-48E4-83A1-06CA08CADE81}.Debug|Any CPU.Build.0 = Debug|Any CPU
		{0ECCDF0E-6D00-48E4-83A1-06CA08CADE81}.Release|Any CPU.ActiveCfg = Release|Any CPU
		{0ECCDF0E-6D00-48E4-83A1-06CA08CADE81}.Release|Any CPU.Build.0 = Release|Any CPU
		{D8B56481-0461-4FBF-917B-947CDAEABF52}.Debug|Any CPU.ActiveCfg = Debug|Any CPU
		{D8B56481-0461-4FBF-917B-947CDAEABF52}.Debug|Any CPU.Build.0 = Debug|Any CPU
		{D8B56481-0461-4FBF-917B-947CDAEABF52}.Release|Any CPU.ActiveCfg = Release|Any CPU
		{D8B56481-0461-4FBF-917B-947CDAEABF52}.Release|Any CPU.Build.0 = Release|Any CPU
	EndGlobalSection
	GlobalSection(SolutionProperties) = preSolution
		HideSolutionNode = FALSE
	EndGlobalSection
	GlobalSection(ExtensibilityGlobals) = postSolution
		SolutionGuid = {20937476-3E1C-488F-8034-39A76D9DA4E7}
	EndGlobalSection
EndGlobal
