
Microsoft Visual Studio Solution File, Format Version 12.00
# Visual Studio Version 17
VisualStudioVersion = 17.1.32319.34
MinimumVisualStudioVersion = 10.0.40219.1
Project("{FAE04EC0-301F-11D3-BF4B-00C04F79EFBC}") = "Entidades", "Entidades\Entidades.csproj", "{ECABB74E-A8E0-4746-8BD0-84928EADC99B}"
EndProject
Project("{FAE04EC0-301F-11D3-BF4B-00C04F79EFBC}") = "Consola", "Consola\Consola.csproj", "{5FB1F161-3A5A-48AE-8082-761E45B1FAA0}"
EndProject
Global
	GlobalSection(SolutionConfigurationPlatforms) = preSolution
		Debug|Any CPU = Debug|Any CPU
		Release|Any CPU = Release|Any CPU
	EndGlobalSection
	GlobalSection(ProjectConfigurationPlatforms) = postSolution
		{ECABB74E-A8E0-4746-8BD0-84928EADC99B}.Debug|Any CPU.ActiveCfg = Debug|Any CPU
		{ECABB74E-A8E0-4746-8BD0-84928EADC99B}.Debug|Any CPU.Build.0 = Debug|Any CPU
		{ECABB74E-A8E0-4746-8BD0-84928EADC99B}.Release|Any CPU.ActiveCfg = Release|Any CPU
		{ECABB74E-A8E0-4746-8BD0-84928EADC99B}.Release|Any CPU.Build.0 = Release|Any CPU
		{5FB1F161-3A5A-48AE-8082-761E45B1FAA0}.Debug|Any CPU.ActiveCfg = Debug|Any CPU
		{5FB1F161-3A5A-48AE-8082-761E45B1FAA0}.Debug|Any CPU.Build.0 = Debug|Any CPU
		{5FB1F161-3A5A-48AE-8082-761E45B1FAA0}.Release|Any CPU.ActiveCfg = Release|Any CPU
		{5FB1F161-3A5A-48AE-8082-761E45B1FAA0}.Release|Any CPU.Build.0 = Release|Any CPU
	EndGlobalSection
	GlobalSection(SolutionProperties) = preSolution
		HideSolutionNode = FALSE
	EndGlobalSection
	GlobalSection(ExtensibilityGlobals) = postSolution
		SolutionGuid = {68A8E576-E777-47B6-B392-075CC8771EB7}
	EndGlobalSection
EndGlobal
