
Microsoft Visual Studio Solution File, Format Version 12.00
# Visual Studio Version 17
VisualStudioVersion = 17.1.32319.34
MinimumVisualStudioVersion = 10.0.40219.1
Project("{9A19103F-16F7-4668-BE54-9A1E7A4F7556}") = "Entidades", "Entidades\Entidades.csproj", "{C57025C0-F4BA-4714-8059-EB1D015FC7A9}"
EndProject
Project("{FAE04EC0-301F-11D3-BF4B-00C04F79EFBC}") = "VistaConsola", "VistaConsola\VistaConsola.csproj", "{0F0BE7D8-FCE4-40DF-B4C2-B700EA98037E}"
EndProject
Project("{FAE04EC0-301F-11D3-BF4B-00C04F79EFBC}") = "FormVista", "FormVista\FormVista.csproj", "{DC2857AA-5C43-4E6C-AA79-756ED6DF098A}"
EndProject
Global
	GlobalSection(SolutionConfigurationPlatforms) = preSolution
		Debug|Any CPU = Debug|Any CPU
		Release|Any CPU = Release|Any CPU
	EndGlobalSection
	GlobalSection(ProjectConfigurationPlatforms) = postSolution
		{C57025C0-F4BA-4714-8059-EB1D015FC7A9}.Debug|Any CPU.ActiveCfg = Debug|Any CPU
		{C57025C0-F4BA-4714-8059-EB1D015FC7A9}.Debug|Any CPU.Build.0 = Debug|Any CPU
		{C57025C0-F4BA-4714-8059-EB1D015FC7A9}.Release|Any CPU.ActiveCfg = Release|Any CPU
		{C57025C0-F4BA-4714-8059-EB1D015FC7A9}.Release|Any CPU.Build.0 = Release|Any CPU
		{0F0BE7D8-FCE4-40DF-B4C2-B700EA98037E}.Debug|Any CPU.ActiveCfg = Debug|Any CPU
		{0F0BE7D8-FCE4-40DF-B4C2-B700EA98037E}.Debug|Any CPU.Build.0 = Debug|Any CPU
		{0F0BE7D8-FCE4-40DF-B4C2-B700EA98037E}.Release|Any CPU.ActiveCfg = Release|Any CPU
		{0F0BE7D8-FCE4-40DF-B4C2-B700EA98037E}.Release|Any CPU.Build.0 = Release|Any CPU
		{DC2857AA-5C43-4E6C-AA79-756ED6DF098A}.Debug|Any CPU.ActiveCfg = Debug|Any CPU
		{DC2857AA-5C43-4E6C-AA79-756ED6DF098A}.Debug|Any CPU.Build.0 = Debug|Any CPU
		{DC2857AA-5C43-4E6C-AA79-756ED6DF098A}.Release|Any CPU.ActiveCfg = Release|Any CPU
		{DC2857AA-5C43-4E6C-AA79-756ED6DF098A}.Release|Any CPU.Build.0 = Release|Any CPU
	EndGlobalSection
	GlobalSection(SolutionProperties) = preSolution
		HideSolutionNode = FALSE
	EndGlobalSection
	GlobalSection(ExtensibilityGlobals) = postSolution
		SolutionGuid = {8702B52C-A310-46C7-813B-1012BA63701E}
	EndGlobalSection
EndGlobal
