
Microsoft Visual Studio Solution File, Format Version 12.00
# Visual Studio Version 16
VisualStudioVersion = 16.0.31605.320
MinimumVisualStudioVersion = 10.0.40219.1
Project("{FAE04EC0-301F-11D3-BF4B-00C04F79EFBC}") = "Vista", "Vista\Vista.csproj", "{0605E15A-3B1B-41E3-95D2-520F1D5B055F}"
EndProject
Global
	GlobalSection(SolutionConfigurationPlatforms) = preSolution
		Debug|Any CPU = Debug|Any CPU
		Release|Any CPU = Release|Any CPU
	EndGlobalSection
	GlobalSection(ProjectConfigurationPlatforms) = postSolution
		{0605E15A-3B1B-41E3-95D2-520F1D5B055F}.Debug|Any CPU.ActiveCfg = Debug|Any CPU
		{0605E15A-3B1B-41E3-95D2-520F1D5B055F}.Debug|Any CPU.Build.0 = Debug|Any CPU
		{0605E15A-3B1B-41E3-95D2-520F1D5B055F}.Release|Any CPU.ActiveCfg = Release|Any CPU
		{0605E15A-3B1B-41E3-95D2-520F1D5B055F}.Release|Any CPU.Build.0 = Release|Any CPU
	EndGlobalSection
	GlobalSection(SolutionProperties) = preSolution
		HideSolutionNode = FALSE
	EndGlobalSection
	GlobalSection(ExtensibilityGlobals) = postSolution
		SolutionGuid = {A6A42587-8086-4512-99ED-2B3691C05FA7}
	EndGlobalSection
EndGlobal
