
Microsoft Visual Studio Solution File, Format Version 12.00
# Visual Studio Version 17
VisualStudioVersion = 17.1.32319.34
MinimumVisualStudioVersion = 10.0.40219.1
Project("{FAE04EC0-301F-11D3-BF4B-00C04F79EFBC}") = "Entidades", "Entidades\Entidades.csproj", "{869B9B78-8031-4BF9-9B8F-EF78052C0C8F}"
EndProject
Project("{FAE04EC0-301F-11D3-BF4B-00C04F79EFBC}") = "Interfaces", "Interfaces\Interfaces.csproj", "{01CCFEAC-F0DA-42F3-AB41-63CF01319AF6}"
EndProject
Project("{FAE04EC0-301F-11D3-BF4B-00C04F79EFBC}") = "Vista", "Vista\Vista.csproj", "{5C04E72D-7534-4C99-B244-4821E00C4035}"
EndProject
Global
	GlobalSection(SolutionConfigurationPlatforms) = preSolution
		Debug|Any CPU = Debug|Any CPU
		Release|Any CPU = Release|Any CPU
	EndGlobalSection
	GlobalSection(ProjectConfigurationPlatforms) = postSolution
		{869B9B78-8031-4BF9-9B8F-EF78052C0C8F}.Debug|Any CPU.ActiveCfg = Debug|Any CPU
		{869B9B78-8031-4BF9-9B8F-EF78052C0C8F}.Debug|Any CPU.Build.0 = Debug|Any CPU
		{869B9B78-8031-4BF9-9B8F-EF78052C0C8F}.Release|Any CPU.ActiveCfg = Release|Any CPU
		{869B9B78-8031-4BF9-9B8F-EF78052C0C8F}.Release|Any CPU.Build.0 = Release|Any CPU
		{01CCFEAC-F0DA-42F3-AB41-63CF01319AF6}.Debug|Any CPU.ActiveCfg = Debug|Any CPU
		{01CCFEAC-F0DA-42F3-AB41-63CF01319AF6}.Debug|Any CPU.Build.0 = Debug|Any CPU
		{01CCFEAC-F0DA-42F3-AB41-63CF01319AF6}.Release|Any CPU.ActiveCfg = Release|Any CPU
		{01CCFEAC-F0DA-42F3-AB41-63CF01319AF6}.Release|Any CPU.Build.0 = Release|Any CPU
		{5C04E72D-7534-4C99-B244-4821E00C4035}.Debug|Any CPU.ActiveCfg = Debug|Any CPU
		{5C04E72D-7534-4C99-B244-4821E00C4035}.Debug|Any CPU.Build.0 = Debug|Any CPU
		{5C04E72D-7534-4C99-B244-4821E00C4035}.Release|Any CPU.ActiveCfg = Release|Any CPU
		{5C04E72D-7534-4C99-B244-4821E00C4035}.Release|Any CPU.Build.0 = Release|Any CPU
	EndGlobalSection
	GlobalSection(SolutionProperties) = preSolution
		HideSolutionNode = FALSE
	EndGlobalSection
	GlobalSection(ExtensibilityGlobals) = postSolution
		SolutionGuid = {875C00E5-C66D-4810-B24E-5B9C615A930C}
	EndGlobalSection
EndGlobal
